{
  "name": "@incta/controller",
  "version": "0.0.7",
  "lockfileVersion": 1,
  "requires": true,
  "dependencies": {
    "@types/node": {
      "version": "13.13.40",
      "resolved": "https://registry.npmjs.org/@types/node/-/node-13.13.40.tgz",
      "integrity": "sha512-eKaRo87lu1yAXrzEJl0zcJxfUMDT5/mZalFyOkT44rnQps41eS2pfWzbaulSPpQLFNy29bFqn+Y5lOTL8ATlEQ==",
      "dev": true
    }
  }
}
